
Microsoft Visual Studio Solution File, Format Version 12.00
# Visual Studio 15
VisualStudioVersion = 15.0.28010.2050
MinimumVisualStudioVersion = 10.0.40219.1
Project("{FAE04EC0-301F-11D3-BF4B-00C04F79EFBC}") = "OneSentence", "OneSentence\OneSentence.csproj", "{2BB29554-47C0-4970-BE0E-E59BDDE4FAEF}"
EndProject
Global
	GlobalSection(SolutionConfigurationPlatforms) = preSolution
		Debug|Any CPU = Debug|Any CPU
		Release|Any CPU = Release|Any CPU
	EndGlobalSection
	GlobalSection(ProjectConfigurationPlatforms) = postSolution
		{2BB29554-47C0-4970-BE0E-E59BDDE4FAEF}.Debug|Any CPU.ActiveCfg = Debug|Any CPU
		{2BB29554-47C0-4970-BE0E-E59BDDE4FAEF}.Debug|Any CPU.Build.0 = Debug|Any CPU
		{2BB29554-47C0-4970-BE0E-E59BDDE4FAEF}.Release|Any CPU.ActiveCfg = Release|Any CPU
		{2BB29554-47C0-4970-BE0E-E59BDDE4FAEF}.Release|Any CPU.Build.0 = Release|Any CPU
	EndGlobalSection
	GlobalSection(SolutionProperties) = preSolution
		HideSolutionNode = FALSE
	EndGlobalSection
	GlobalSection(ExtensibilityGlobals) = postSolution
		SolutionGuid = {54DFD06C-D618-4AB4-9EBF-043A4E85744D}
	EndGlobalSection
EndGlobal
